# This file was autogenerated by Stack.
# You should not edit this file by hand.
# For more information, please see the documentation at:
#   https://docs.haskellstack.org/en/stable/lock_files

packages:
- completed:
    hackage: sitepipe-0.4.0.1@sha256:5fc6cda5c34b68900d4dcbc4c69a812419d33aefe89705918f048ae16823afad,1470
    pantry-tree:
      size: 702
      sha256: b96e437558da5a86e03650a434e4d516fbf8f1345b5a59655b7fa80c4f07222f
  original:
    hackage: sitepipe-0.4.0.1
- completed:
    hackage: MissingH-1.4.3.0@sha256:efbbe7065e17bc01ed925593a0c5b5793ab857585a8e9d5015d0025e526ab55c,4702
    pantry-tree:
      size: 5271
      sha256: d3c9916fafe0b11b72c56862a5c578f35c3fdbe6ee203e4adeca9b0706ee1fe3
  original:
    hackage: MissingH-1.4.3.0
snapshots:
- completed:
    size: 586286
    url: https://raw.githubusercontent.com/commercialhaskell/stackage-snapshots/master/lts/18/16.yaml
    sha256: cdead65fca0323144b346c94286186f4969bf85594d649c49c7557295675d8a5
  original: lts-18.16
